
Microsoft Visual Studio Solution File, Format Version 12.00
# Visual Studio 15
VisualStudioVersion = 15.0.27703.2047
MinimumVisualStudioVersion = 10.0.40219.1
Project("{FAE04EC0-301F-11D3-BF4B-00C04F79EFBC}") = "Prototype", "Prototype\Prototype.csproj", "{E04AC14B-C411-4D1E-8BC6-DC169F3931B6}"
EndProject
Project("{FAE04EC0-301F-11D3-BF4B-00C04F79EFBC}") = "Prototype.Test", "Prototype.Test\Prototype.Test.csproj", "{96389014-EBE5-4363-BEB1-81D12CC055D4}"
EndProject
Global
	GlobalSection(SolutionConfigurationPlatforms) = preSolution
		Debug|Any CPU = Debug|Any CPU
		Release|Any CPU = Release|Any CPU
	EndGlobalSection
	GlobalSection(ProjectConfigurationPlatforms) = postSolution
		{E04AC14B-C411-4D1E-8BC6-DC169F3931B6}.Debug|Any CPU.ActiveCfg = Debug|Any CPU
		{E04AC14B-C411-4D1E-8BC6-DC169F3931B6}.Debug|Any CPU.Build.0 = Debug|Any CPU
		{E04AC14B-C411-4D1E-8BC6-DC169F3931B6}.Release|Any CPU.ActiveCfg = Release|Any CPU
		{E04AC14B-C411-4D1E-8BC6-DC169F3931B6}.Release|Any CPU.Build.0 = Release|Any CPU
		{96389014-EBE5-4363-BEB1-81D12CC055D4}.Debug|Any CPU.ActiveCfg = Debug|Any CPU
		{96389014-EBE5-4363-BEB1-81D12CC055D4}.Debug|Any CPU.Build.0 = Debug|Any CPU
		{96389014-EBE5-4363-BEB1-81D12CC055D4}.Release|Any CPU.ActiveCfg = Release|Any CPU
		{96389014-EBE5-4363-BEB1-81D12CC055D4}.Release|Any CPU.Build.0 = Release|Any CPU
	EndGlobalSection
	GlobalSection(SolutionProperties) = preSolution
		HideSolutionNode = FALSE
	EndGlobalSection
	GlobalSection(ExtensibilityGlobals) = postSolution
		SolutionGuid = {15BC84E1-DBB3-49D6-9B02-4E0DDEA02D88}
	EndGlobalSection
EndGlobal
