
Microsoft Visual Studio Solution File, Format Version 12.00
# Visual Studio 15
VisualStudioVersion = 15.0.27703.2047
MinimumVisualStudioVersion = 10.0.40219.1
Project("{FAE04EC0-301F-11D3-BF4B-00C04F79EFBC}") = "TemplateMethod", "TemplateMethod\TemplateMethod.csproj", "{AB9E6FCB-D2A7-4468-8253-DF5CC9891B0B}"
EndProject
Project("{FAE04EC0-301F-11D3-BF4B-00C04F79EFBC}") = "TemplateMethod.Test", "TemplateMethod.Test\TemplateMethod.Test.csproj", "{2C47018D-A34D-455D-867C-03EC177EDEB4}"
EndProject
Global
	GlobalSection(SolutionProperties) = preSolution
		HideSolutionNode = FALSE
	EndGlobalSection
	GlobalSection(ExtensibilityGlobals) = postSolution
		SolutionGuid = {15BC84E1-DBB3-49D6-9B02-4E0DDEA02D88}
	EndGlobalSection
	GlobalSection(SolutionConfigurationPlatforms) = preSolution
		Debug|Any CPU = Debug|Any CPU
		Release|Any CPU = Release|Any CPU
	EndGlobalSection
	GlobalSection(ProjectConfigurationPlatforms) = postSolution
		{AB9E6FCB-D2A7-4468-8253-DF5CC9891B0B}.Debug|Any CPU.ActiveCfg = Debug|Any CPU
		{AB9E6FCB-D2A7-4468-8253-DF5CC9891B0B}.Debug|Any CPU.Build.0 = Debug|Any CPU
		{AB9E6FCB-D2A7-4468-8253-DF5CC9891B0B}.Release|Any CPU.ActiveCfg = Release|Any CPU
		{AB9E6FCB-D2A7-4468-8253-DF5CC9891B0B}.Release|Any CPU.Build.0 = Release|Any CPU
		{2C47018D-A34D-455D-867C-03EC177EDEB4}.Debug|Any CPU.ActiveCfg = Debug|Any CPU
		{2C47018D-A34D-455D-867C-03EC177EDEB4}.Debug|Any CPU.Build.0 = Debug|Any CPU
		{2C47018D-A34D-455D-867C-03EC177EDEB4}.Release|Any CPU.ActiveCfg = Release|Any CPU
		{2C47018D-A34D-455D-867C-03EC177EDEB4}.Release|Any CPU.Build.0 = Release|Any CPU
	EndGlobalSection
EndGlobal
